<?xml version="1.0" encoding="utf-8"?>
<Project ToolsVersion="4.0" xmlns="http://schemas.microsoft.com/developer/msbuild/2003">
  <ItemGroup>
    <ClCompile Include="main.cpp" />
    <ClCompile Include="Game.cpp" />
    <ClCompile Include="Stage1.cpp">
      <Filter>Stage</Filter>
    </ClCompile>
    <ClCompile Include="Data.cpp" />
    <ClCompile Include="Stage2.cpp">
      <Filter>Stage</Filter>
    </ClCompile>
    <ClCompile Include="Stage3.cpp">
      <Filter>Stage</Filter>
    </ClCompile>
    <ClCompile Include="Stage4.cpp">
      <Filter>Stage</Filter>
    </ClCompile>
    <ClCompile Include="Stage5.cpp">
      <Filter>Stage</Filter>
    </ClCompile>
    <ClCompile Include="EndStage.cpp">
      <Filter>Stage</Filter>
    </ClCompile>
    <ClCompile Include="Input.cpp" />
  </ItemGroup>
  <ItemGroup>
    <ClInclude Include="Game.h" />
    <ClInclude Include="IStage.h" />
    <ClInclude Include="Data.h" />
    <ClInclude Include="Stage2.h">
      <Filter>Stage</Filter>
    </ClInclude>
    <ClInclude Include="Stage3.h">
      <Filter>Stage</Filter>
    </ClInclude>
    <ClInclude Include="Stage4.h">
      <Filter>Stage</Filter>
    </ClInclude>
    <ClInclude Include="Stage5.h">
      <Filter>Stage</Filter>
    </ClInclude>
    <ClInclude Include="EndStage.h">
      <Filter>Stage</Filter>
    </ClInclude>
    <ClInclude Include="Input.h" />
  </ItemGroup>
  <ItemGroup>
    <Filter Include="Stage">
      <UniqueIdentifier>{2a161df6-2459-4848-bf62-713b3ea0593f}</UniqueIdentifier>
    </Filter>
  </ItemGroup>
  <ItemGroup>
    <None Include="Stage1.h">
      <Filter>Stage</Filter>
    </None>
  </ItemGroup>
</Project>